
Microsoft Visual Studio Solution File, Format Version 12.00
# Visual Studio Version 17
VisualStudioVersion = 17.7.34003.232
MinimumVisualStudioVersion = 10.0.40219.1
Project("{9A19103F-16F7-4668-BE54-9A1E7A4F7556}") = "projeto_final_bloco_01", "projeto_final_bloco_01.csproj", "{0110D1DF-8615-4CC0-AF41-012987358F8F}"
EndProject
Global
	GlobalSection(SolutionConfigurationPlatforms) = preSolution
		Debug|Any CPU = Debug|Any CPU
		Release|Any CPU = Release|Any CPU
	EndGlobalSection
	GlobalSection(ProjectConfigurationPlatforms) = postSolution
		{0110D1DF-8615-4CC0-AF41-012987358F8F}.Debug|Any CPU.ActiveCfg = Debug|Any CPU
		{0110D1DF-8615-4CC0-AF41-012987358F8F}.Debug|Any CPU.Build.0 = Debug|Any CPU
		{0110D1DF-8615-4CC0-AF41-012987358F8F}.Release|Any CPU.ActiveCfg = Release|Any CPU
		{0110D1DF-8615-4CC0-AF41-012987358F8F}.Release|Any CPU.Build.0 = Release|Any CPU
	EndGlobalSection
	GlobalSection(SolutionProperties) = preSolution
		HideSolutionNode = FALSE
	EndGlobalSection
	GlobalSection(ExtensibilityGlobals) = postSolution
		SolutionGuid = {4FE80797-3198-40F6-855D-1AC6C8B599B4}
	EndGlobalSection
EndGlobal
